
Microsoft Visual Studio Solution File, Format Version 12.00
# Visual Studio Version 17
VisualStudioVersion = 17.4.33110.190
MinimumVisualStudioVersion = 10.0.40219.1
Project("{8BC9CEB8-8B4A-11D0-8D11-00A0C91BC942}") = "Test-13", "Test-13.vcxproj", "{C031670D-FD12-490C-BB57-0749268A7418}"
EndProject
Global
	GlobalSection(SolutionConfigurationPlatforms) = preSolution
		Debug|x64 = Debug|x64
		Debug|x86 = Debug|x86
		Release|x64 = Release|x64
		Release|x86 = Release|x86
	EndGlobalSection
	GlobalSection(ProjectConfigurationPlatforms) = postSolution
		{C031670D-FD12-490C-BB57-0749268A7418}.Debug|x64.ActiveCfg = Debug|x64
		{C031670D-FD12-490C-BB57-0749268A7418}.Debug|x64.Build.0 = Debug|x64
		{C031670D-FD12-490C-BB57-0749268A7418}.Debug|x86.ActiveCfg = Debug|Win32
		{C031670D-FD12-490C-BB57-0749268A7418}.Debug|x86.Build.0 = Debug|Win32
		{C031670D-FD12-490C-BB57-0749268A7418}.Release|x64.ActiveCfg = Release|x64
		{C031670D-FD12-490C-BB57-0749268A7418}.Release|x64.Build.0 = Release|x64
		{C031670D-FD12-490C-BB57-0749268A7418}.Release|x86.ActiveCfg = Release|Win32
		{C031670D-FD12-490C-BB57-0749268A7418}.Release|x86.Build.0 = Release|Win32
	EndGlobalSection
	GlobalSection(SolutionProperties) = preSolution
		HideSolutionNode = FALSE
	EndGlobalSection
	GlobalSection(ExtensibilityGlobals) = postSolution
		SolutionGuid = {064020F3-B978-4A3A-967A-B41B15FDB7C1}
	EndGlobalSection
EndGlobal
